
Microsoft Visual Studio Solution File, Format Version 12.00
# Visual Studio Version 16
VisualStudioVersion = 16.0.30104.148
MinimumVisualStudioVersion = 10.0.40219.1
Project("{FAE04EC0-301F-11D3-BF4B-00C04F79EFBC}") = "CarritoQuinto.Web", "CarritoQuinto.Web\CarritoQuinto.Web.csproj", "{E1E55F4A-32D7-4D78-BD24-B0444EDF11DC}"
EndProject
Project("{FAE04EC0-301F-11D3-BF4B-00C04F79EFBC}") = "CarritoQuinto.BackEnd", "CarritoQuinto.BackEnd\CarritoQuinto.BackEnd.csproj", "{4850FB1B-A980-4784-8C17-D8BFE4E89860}"
EndProject
Global
	GlobalSection(SolutionConfigurationPlatforms) = preSolution
		Debug|Any CPU = Debug|Any CPU
		Release|Any CPU = Release|Any CPU
	EndGlobalSection
	GlobalSection(ProjectConfigurationPlatforms) = postSolution
		{E1E55F4A-32D7-4D78-BD24-B0444EDF11DC}.Debug|Any CPU.ActiveCfg = Debug|Any CPU
		{E1E55F4A-32D7-4D78-BD24-B0444EDF11DC}.Debug|Any CPU.Build.0 = Debug|Any CPU
		{E1E55F4A-32D7-4D78-BD24-B0444EDF11DC}.Release|Any CPU.ActiveCfg = Release|Any CPU
		{E1E55F4A-32D7-4D78-BD24-B0444EDF11DC}.Release|Any CPU.Build.0 = Release|Any CPU
		{4850FB1B-A980-4784-8C17-D8BFE4E89860}.Debug|Any CPU.ActiveCfg = Debug|Any CPU
		{4850FB1B-A980-4784-8C17-D8BFE4E89860}.Debug|Any CPU.Build.0 = Debug|Any CPU
		{4850FB1B-A980-4784-8C17-D8BFE4E89860}.Release|Any CPU.ActiveCfg = Release|Any CPU
		{4850FB1B-A980-4784-8C17-D8BFE4E89860}.Release|Any CPU.Build.0 = Release|Any CPU
	EndGlobalSection
	GlobalSection(SolutionProperties) = preSolution
		HideSolutionNode = FALSE
	EndGlobalSection
	GlobalSection(ExtensibilityGlobals) = postSolution
		SolutionGuid = {EB034438-D2E0-46BB-8800-B4FFFC9FD3D4}
	EndGlobalSection
EndGlobal
